// !$*UTF8*$!
{
	archiveVersion = 1;
	classes = {
	};
	objectVersion = 46;
	objects = {

/* Begin PBXBuildFile section */
		0C1B10CA18AEA952009FFA3D /* Foundation.framework in Frameworks */ = {isa = PBXBuildFile; fileRef = 0C1B10C918AEA952009FFA3D /* Foundation.framework */; };
		0C1B10CC18AEA952009FFA3D /* CoreGraphics.framework in Frameworks */ = {isa = PBXBuildFile; fileRef = 0C1B10CB18AEA952009FFA3D /* CoreGraphics.framework */; };
		0C1B10CE18AEA952009FFA3D /* UIKit.framework in Frameworks */ = {isa = PBXBuildFile; fileRef = 0C1B10CD18AEA952009FFA3D /* UIKit.framework */; };
		0C1B10D418AEA952009FFA3D /* InfoPlist.strings in Resources */ = {isa = PBXBuildFile; fileRef = 0C1B10D218AEA952009FFA3D /* InfoPlist.strings */; };
		0C1B10D618AEA952009FFA3D /* main.m in Sources */ = {isa = PBXBuildFile; fileRef = 0C1B10D518AEA952009FFA3D /* main.m */; };
		0C1B10DA18AEA952009FFA3D /* AppDelegate.m in Sources */ = {isa = PBXBuildFile; fileRef = 0C1B10D918AEA952009FFA3D /* AppDelegate.m */; };
		0C1B10DD18AEA952009FFA3D /* Main.storyboard in Resources */ = {isa = PBXBuildFile; fileRef = 0C1B10DB18AEA952009FFA3D /* Main.storyboard */; };
		0C1B10E018AEA952009FFA3D /* ViewController.m in Sources */ = {isa = PBXBuildFile; fileRef = 0C1B10DF18AEA952009FFA3D /* ViewController.m */; };
		0C1B10E218AEA952009FFA3D /* Images.xcassets in Resources */ = {isa = PBXBuildFile; fileRef = 0C1B10E118AEA952009FFA3D /* Images.xcassets */; };
		0C1B10E918AEA952009FFA3D /* XCTest.framework in Frameworks */ = {isa = PBXBuildFile; fileRef = 0C1B10E818AEA952009FFA3D /* XCTest.framework */; };
		0C1B10EA18AEA952009FFA3D /* Foundation.framework in Frameworks */ = {isa = PBXBuildFile; fileRef = 0C1B10C918AEA952009FFA3D /* Foundation.framework */; };
		0C1B10EB18AEA952009FFA3D /* UIKit.framework in Frameworks */ = {isa = PBXBuildFile; fileRef = 0C1B10CD18AEA952009FFA3D /* UIKit.framework */; };
		0C1B10F318AEA952009FFA3D /* InfoPlist.strings in Resources */ = {isa = PBXBuildFile; fileRef = 0C1B10F118AEA952009FFA3D /* InfoPlist.strings */; };
		0C1B10F518AEA952009FFA3D /* ClearStyleTests.m in Sources */ = {isa = PBXBuildFile; fileRef = 0C1B10F418AEA952009FFA3D /* ClearStyleTests.m */; };
		0C1B110018AEAC6E009FFA3D /* ToDoItem.m in Sources */ = {isa = PBXBuildFile; fileRef = 0C1B10FF18AEAC6E009FFA3D /* ToDoItem.m */; };
		0C1B110318AEAEF6009FFA3D /* TableViewCell.m in Sources */ = {isa = PBXBuildFile; fileRef = 0C1B110218AEAEF6009FFA3D /* TableViewCell.m */; };
		0C1B110518AEAF9F009FFA3D /* QuartzCore.framework in Frameworks */ = {isa = PBXBuildFile; fileRef = 0C1B110418AEAF9F009FFA3D /* QuartzCore.framework */; };
		0C3709231947532E00280B7D /* Theme.m in Sources */ = {isa = PBXBuildFile; fileRef = 0C37091D1947532E00280B7D /* Theme.m */; };
		0C3709241947532E00280B7D /* Stock.m in Sources */ = {isa = PBXBuildFile; fileRef = 0C37091F1947532E00280B7D /* Stock.m */; };
		0C3709251947532E00280B7D /* StockDetailViewController.m in Sources */ = {isa = PBXBuildFile; fileRef = 0C3709211947532E00280B7D /* StockDetailViewController.m */; };
		0C3709261947532E00280B7D /* StockDetailViewController.xib in Resources */ = {isa = PBXBuildFile; fileRef = 0C3709221947532E00280B7D /* StockDetailViewController.xib */; };
		0CE2BE5C18B7DC5100A808E1 /* TableView.m in Sources */ = {isa = PBXBuildFile; fileRef = 0CE2BE5B18B7DC5100A808E1 /* TableView.m */; };
/* End PBXBuildFile section */

/* Begin PBXContainerItemProxy section */
		0C1B10EC18AEA952009FFA3D /* PBXContainerItemProxy */ = {
			isa = PBXContainerItemProxy;
			containerPortal = 0C1B10BE18AEA952009FFA3D /* Project object */;
			proxyType = 1;
			remoteGlobalIDString = 0C1B10C518AEA952009FFA3D;
			remoteInfo = ClearStyle;
		};
/* End PBXContainerItemProxy section */

/* Begin PBXFileReference section */
		0C1B10C618AEA952009FFA3D /* StockList3000.app */ = {isa = PBXFileReference; explicitFileType = wrapper.application; includeInIndex = 0; path = StockList3000.app; sourceTree = BUILT_PRODUCTS_DIR; };
		0C1B10C918AEA952009FFA3D /* Foundation.framework */ = {isa = PBXFileReference; lastKnownFileType = wrapper.framework; name = Foundation.framework; path = System/Library/Frameworks/Foundation.framework; sourceTree = SDKROOT; };
		0C1B10CB18AEA952009FFA3D /* CoreGraphics.framework */ = {isa = PBXFileReference; lastKnownFileType = wrapper.framework; name = CoreGraphics.framework; path = System/Library/Frameworks/CoreGraphics.framework; sourceTree = SDKROOT; };
		0C1B10CD18AEA952009FFA3D /* UIKit.framework */ = {isa = PBXFileReference; lastKnownFileType = wrapper.framework; name = UIKit.framework; path = System/Library/Frameworks/UIKit.framework; sourceTree = SDKROOT; };
		0C1B10D118AEA952009FFA3D /* StockList3000-Info.plist */ = {isa = PBXFileReference; lastKnownFileType = text.plist.xml; path = "StockList3000-Info.plist"; sourceTree = "<group>"; };
		0C1B10D318AEA952009FFA3D /* en */ = {isa = PBXFileReference; lastKnownFileType = text.plist.strings; name = en; path = en.lproj/InfoPlist.strings; sourceTree = "<group>"; };
		0C1B10D518AEA952009FFA3D /* main.m */ = {isa = PBXFileReference; lastKnownFileType = sourcecode.c.objc; path = main.m; sourceTree = "<group>"; };
		0C1B10D718AEA952009FFA3D /* StockList3000-Prefix.pch */ = {isa = PBXFileReference; lastKnownFileType = sourcecode.c.h; path = "StockList3000-Prefix.pch"; sourceTree = "<group>"; };
		0C1B10D818AEA952009FFA3D /* AppDelegate.h */ = {isa = PBXFileReference; lastKnownFileType = sourcecode.c.h; path = AppDelegate.h; sourceTree = "<group>"; };
		0C1B10D918AEA952009FFA3D /* AppDelegate.m */ = {isa = PBXFileReference; lastKnownFileType = sourcecode.c.objc; path = AppDelegate.m; sourceTree = "<group>"; };
		0C1B10DC18AEA952009FFA3D /* Base */ = {isa = PBXFileReference; lastKnownFileType = file.storyboard; name = Base; path = Base.lproj/Main.storyboard; sourceTree = "<group>"; };
		0C1B10DE18AEA952009FFA3D /* ViewController.h */ = {isa = PBXFileReference; lastKnownFileType = sourcecode.c.h; path = ViewController.h; sourceTree = "<group>"; };
		0C1B10DF18AEA952009FFA3D /* ViewController.m */ = {isa = PBXFileReference; lastKnownFileType = sourcecode.c.objc; path = ViewController.m; sourceTree = "<group>"; };
		0C1B10E118AEA952009FFA3D /* Images.xcassets */ = {isa = PBXFileReference; lastKnownFileType = folder.assetcatalog; path = Images.xcassets; sourceTree = "<group>"; };
		0C1B10E718AEA952009FFA3D /* StockList3000Tests.xctest */ = {isa = PBXFileReference; explicitFileType = wrapper.cfbundle; includeInIndex = 0; path = StockList3000Tests.xctest; sourceTree = BUILT_PRODUCTS_DIR; };
		0C1B10E818AEA952009FFA3D /* XCTest.framework */ = {isa = PBXFileReference; lastKnownFileType = wrapper.framework; name = XCTest.framework; path = Library/Frameworks/XCTest.framework; sourceTree = DEVELOPER_DIR; };
		0C1B10F018AEA952009FFA3D /* StockList3000Tests-Info.plist */ = {isa = PBXFileReference; lastKnownFileType = text.plist.xml; path = "StockList3000Tests-Info.plist"; sourceTree = "<group>"; };
		0C1B10F218AEA952009FFA3D /* en */ = {isa = PBXFileReference; lastKnownFileType = text.plist.strings; name = en; path = en.lproj/InfoPlist.strings; sourceTree = "<group>"; };
		0C1B10F418AEA952009FFA3D /* ClearStyleTests.m */ = {isa = PBXFileReference; lastKnownFileType = sourcecode.c.objc; path = ClearStyleTests.m; sourceTree = "<group>"; };
		0C1B10FE18AEAC6E009FFA3D /* ToDoItem.h */ = {isa = PBXFileReference; fileEncoding = 4; lastKnownFileType = sourcecode.c.h; path = ToDoItem.h; sourceTree = "<group>"; };
		0C1B10FF18AEAC6E009FFA3D /* ToDoItem.m */ = {isa = PBXFileReference; fileEncoding = 4; lastKnownFileType = sourcecode.c.objc; path = ToDoItem.m; sourceTree = "<group>"; };
		0C1B110118AEAEF6009FFA3D /* TableViewCell.h */ = {isa = PBXFileReference; fileEncoding = 4; lastKnownFileType = sourcecode.c.h; path = TableViewCell.h; sourceTree = "<group>"; };
		0C1B110218AEAEF6009FFA3D /* TableViewCell.m */ = {isa = PBXFileReference; fileEncoding = 4; lastKnownFileType = sourcecode.c.objc; path = TableViewCell.m; sourceTree = "<group>"; };
		0C1B110418AEAF9F009FFA3D /* QuartzCore.framework */ = {isa = PBXFileReference; lastKnownFileType = wrapper.framework; name = QuartzCore.framework; path = System/Library/Frameworks/QuartzCore.framework; sourceTree = SDKROOT; };
		0C1B110618AEB6D0009FFA3D /* TableViewCellDelegate.h */ = {isa = PBXFileReference; lastKnownFileType = sourcecode.c.h; name = TableViewCellDelegate.h; path = ../TableViewCellDelegate.h; sourceTree = "<group>"; };
		0C37091C1947532E00280B7D /* Theme.h */ = {isa = PBXFileReference; fileEncoding = 4; lastKnownFileType = sourcecode.c.h; path = Theme.h; sourceTree = "<group>"; };
		0C37091D1947532E00280B7D /* Theme.m */ = {isa = PBXFileReference; fileEncoding = 4; lastKnownFileType = sourcecode.c.objc; path = Theme.m; sourceTree = "<group>"; };
		0C37091E1947532E00280B7D /* Stock.h */ = {isa = PBXFileReference; fileEncoding = 4; lastKnownFileType = sourcecode.c.h; path = Stock.h; sourceTree = "<group>"; };
		0C37091F1947532E00280B7D /* Stock.m */ = {isa = PBXFileReference; fileEncoding = 4; lastKnownFileType = sourcecode.c.objc; path = Stock.m; sourceTree = "<group>"; };
		0C3709201947532E00280B7D /* StockDetailViewController.h */ = {isa = PBXFileReference; fileEncoding = 4; lastKnownFileType = sourcecode.c.h; path = StockDetailViewController.h; sourceTree = "<group>"; };
		0C3709211947532E00280B7D /* StockDetailViewController.m */ = {isa = PBXFileReference; fileEncoding = 4; lastKnownFileType = sourcecode.c.objc; path = StockDetailViewController.m; sourceTree = "<group>"; };
		0C3709221947532E00280B7D /* StockDetailViewController.xib */ = {isa = PBXFileReference; fileEncoding = 4; lastKnownFileType = file.xib; path = StockDetailViewController.xib; sourceTree = "<group>"; };
		0CE2BE5A18B7DC5100A808E1 /* TableView.h */ = {isa = PBXFileReference; fileEncoding = 4; lastKnownFileType = sourcecode.c.h; path = TableView.h; sourceTree = "<group>"; };
		0CE2BE5B18B7DC5100A808E1 /* TableView.m */ = {isa = PBXFileReference; fileEncoding = 4; lastKnownFileType = sourcecode.c.objc; path = TableView.m; sourceTree = "<group>"; };
		0CE2BE5D18B7DCEA00A808E1 /* TableViewDataSource.h */ = {isa = PBXFileReference; lastKnownFileType = sourcecode.c.h; path = TableViewDataSource.h; sourceTree = "<group>"; };
/* End PBXFileReference section */

/* Begin PBXFrameworksBuildPhase section */
		0C1B10C318AEA952009FFA3D /* Frameworks */ = {
			isa = PBXFrameworksBuildPhase;
			buildActionMask = 2147483647;
			files = (
				0C1B110518AEAF9F009FFA3D /* QuartzCore.framework in Frameworks */,
				0C1B10CC18AEA952009FFA3D /* CoreGraphics.framework in Frameworks */,
				0C1B10CE18AEA952009FFA3D /* UIKit.framework in Frameworks */,
				0C1B10CA18AEA952009FFA3D /* Foundation.framework in Frameworks */,
			);
			runOnlyForDeploymentPostprocessing = 0;
		};
		0C1B10E418AEA952009FFA3D /* Frameworks */ = {
			isa = PBXFrameworksBuildPhase;
			buildActionMask = 2147483647;
			files = (
				0C1B10E918AEA952009FFA3D /* XCTest.framework in Frameworks */,
				0C1B10EB18AEA952009FFA3D /* UIKit.framework in Frameworks */,
				0C1B10EA18AEA952009FFA3D /* Foundation.framework in Frameworks */,
			);
			runOnlyForDeploymentPostprocessing = 0;
		};
/* End PBXFrameworksBuildPhase section */

/* Begin PBXGroup section */
		0C1B10BD18AEA952009FFA3D = {
			isa = PBXGroup;
			children = (
				0C1B10CF18AEA952009FFA3D /* stocklist */,
				0C1B10EE18AEA952009FFA3D /* stocklistTests */,
				0C1B10C818AEA952009FFA3D /* Frameworks */,
				0C1B10C718AEA952009FFA3D /* Products */,
			);
			sourceTree = "<group>";
		};
		0C1B10C718AEA952009FFA3D /* Products */ = {
			isa = PBXGroup;
			children = (
				0C1B10C618AEA952009FFA3D /* StockList3000.app */,
				0C1B10E718AEA952009FFA3D /* StockList3000Tests.xctest */,
			);
			name = Products;
			sourceTree = "<group>";
		};
		0C1B10C818AEA952009FFA3D /* Frameworks */ = {
			isa = PBXGroup;
			children = (
				0C1B110418AEAF9F009FFA3D /* QuartzCore.framework */,
				0C1B10C918AEA952009FFA3D /* Foundation.framework */,
				0C1B10CB18AEA952009FFA3D /* CoreGraphics.framework */,
				0C1B10CD18AEA952009FFA3D /* UIKit.framework */,
				0C1B10E818AEA952009FFA3D /* XCTest.framework */,
			);
			name = Frameworks;
			sourceTree = "<group>";
		};
		0C1B10CF18AEA952009FFA3D /* stocklist */ = {
			isa = PBXGroup;
			children = (
				0C37091B194752FC00280B7D /* stockOverlay */,
				0C1B110618AEB6D0009FFA3D /* TableViewCellDelegate.h */,
				0C1B10D818AEA952009FFA3D /* AppDelegate.h */,
				0C1B10D918AEA952009FFA3D /* AppDelegate.m */,
				0C1B10DB18AEA952009FFA3D /* Main.storyboard */,
				0C1B10DE18AEA952009FFA3D /* ViewController.h */,
				0C1B10DF18AEA952009FFA3D /* ViewController.m */,
				0C1B10E118AEA952009FFA3D /* Images.xcassets */,
				0C1B10D018AEA952009FFA3D /* Supporting Files */,
				0C1B10FE18AEAC6E009FFA3D /* ToDoItem.h */,
				0C1B10FF18AEAC6E009FFA3D /* ToDoItem.m */,
				0C1B110118AEAEF6009FFA3D /* TableViewCell.h */,
				0C1B110218AEAEF6009FFA3D /* TableViewCell.m */,
				0CE2BE5A18B7DC5100A808E1 /* TableView.h */,
				0CE2BE5B18B7DC5100A808E1 /* TableView.m */,
				0CE2BE5D18B7DCEA00A808E1 /* TableViewDataSource.h */,
			);
			name = stocklist;
			path = ClearStyle;
			sourceTree = "<group>";
		};
		0C1B10D018AEA952009FFA3D /* Supporting Files */ = {
			isa = PBXGroup;
			children = (
				0C1B10D118AEA952009FFA3D /* StockList3000-Info.plist */,
				0C1B10D218AEA952009FFA3D /* InfoPlist.strings */,
				0C1B10D518AEA952009FFA3D /* main.m */,
				0C1B10D718AEA952009FFA3D /* StockList3000-Prefix.pch */,
			);
			name = "Supporting Files";
			sourceTree = "<group>";
		};
		0C1B10EE18AEA952009FFA3D /* stocklistTests */ = {
			isa = PBXGroup;
			children = (
				0C1B10F418AEA952009FFA3D /* ClearStyleTests.m */,
				0C1B10EF18AEA952009FFA3D /* Supporting Files */,
			);
			name = stocklistTests;
			path = ClearStyleTests;
			sourceTree = "<group>";
		};
		0C1B10EF18AEA952009FFA3D /* Supporting Files */ = {
			isa = PBXGroup;
			children = (
				0C1B10F018AEA952009FFA3D /* StockList3000Tests-Info.plist */,
				0C1B10F118AEA952009FFA3D /* InfoPlist.strings */,
			);
			name = "Supporting Files";
			sourceTree = "<group>";
		};
		0C37091B194752FC00280B7D /* stockOverlay */ = {
			isa = PBXGroup;
			children = (
				0C37091C1947532E00280B7D /* Theme.h */,
				0C37091D1947532E00280B7D /* Theme.m */,
				0C37091E1947532E00280B7D /* Stock.h */,
				0C37091F1947532E00280B7D /* Stock.m */,
				0C3709201947532E00280B7D /* StockDetailViewController.h */,
				0C3709211947532E00280B7D /* StockDetailViewController.m */,
				0C3709221947532E00280B7D /* StockDetailViewController.xib */,
			);
			name = stockOverlay;
			sourceTree = "<group>";
		};
/* End PBXGroup section */

/* Begin PBXNativeTarget section */
		0C1B10C518AEA952009FFA3D /* StockList3000 */ = {
			isa = PBXNativeTarget;
			buildConfigurationList = 0C1B10F818AEA952009FFA3D /* Build configuration list for PBXNativeTarget "StockList3000" */;
			buildPhases = (
				0C1B10C218AEA952009FFA3D /* Sources */,
				0C1B10C318AEA952009FFA3D /* Frameworks */,
				0C1B10C418AEA952009FFA3D /* Resources */,
			);
			buildRules = (
			);
			dependencies = (
			);
			name = StockList3000;
			productName = ClearStyle;
			productReference = 0C1B10C618AEA952009FFA3D /* StockList3000.app */;
			productType = "com.apple.product-type.application";
		};
		0C1B10E618AEA952009FFA3D /* StockList3000Tests */ = {
			isa = PBXNativeTarget;
			buildConfigurationList = 0C1B10FB18AEA952009FFA3D /* Build configuration list for PBXNativeTarget "StockList3000Tests" */;
			buildPhases = (
				0C1B10E318AEA952009FFA3D /* Sources */,
				0C1B10E418AEA952009FFA3D /* Frameworks */,
				0C1B10E518AEA952009FFA3D /* Resources */,
			);
			buildRules = (
			);
			dependencies = (
				0C1B10ED18AEA952009FFA3D /* PBXTargetDependency */,
			);
			name = StockList3000Tests;
			productName = ClearStyleTests;
			productReference = 0C1B10E718AEA952009FFA3D /* StockList3000Tests.xctest */;
			productType = "com.apple.product-type.bundle.unit-test";
		};
/* End PBXNativeTarget section */

/* Begin PBXProject section */
		0C1B10BE18AEA952009FFA3D /* Project object */ = {
			isa = PBXProject;
			attributes = {
				LastUpgradeCheck = 0500;
				ORGANIZATIONNAME = "Mick Storm";
				TargetAttributes = {
					0C1B10E618AEA952009FFA3D = {
						TestTargetID = 0C1B10C518AEA952009FFA3D;
					};
				};
			};
			buildConfigurationList = 0C1B10C118AEA952009FFA3D /* Build configuration list for PBXProject "StockList3000" */;
			compatibilityVersion = "Xcode 3.2";
			developmentRegion = English;
			hasScannedForEncodings = 0;
			knownRegions = (
				en,
				Base,
			);
			mainGroup = 0C1B10BD18AEA952009FFA3D;
			productRefGroup = 0C1B10C718AEA952009FFA3D /* Products */;
			projectDirPath = "";
			projectRoot = "";
			targets = (
				0C1B10C518AEA952009FFA3D /* StockList3000 */,
				0C1B10E618AEA952009FFA3D /* StockList3000Tests */,
			);
		};
/* End PBXProject section */

/* Begin PBXResourcesBuildPhase section */
		0C1B10C418AEA952009FFA3D /* Resources */ = {
			isa = PBXResourcesBuildPhase;
			buildActionMask = 2147483647;
			files = (
				0C3709261947532E00280B7D /* StockDetailViewController.xib in Resources */,
				0C1B10E218AEA952009FFA3D /* Images.xcassets in Resources */,
				0C1B10D418AEA952009FFA3D /* InfoPlist.strings in Resources */,
				0C1B10DD18AEA952009FFA3D /* Main.storyboard in Resources */,
			);
			runOnlyForDeploymentPostprocessing = 0;
		};
		0C1B10E518AEA952009FFA3D /* Resources */ = {
			isa = PBXResourcesBuildPhase;
			buildActionMask = 2147483647;
			files = (
				0C1B10F318AEA952009FFA3D /* InfoPlist.strings in Resources */,
			);
			runOnlyForDeploymentPostprocessing = 0;
		};
/* End PBXResourcesBuildPhase section */

/* Begin PBXSourcesBuildPhase section */
		0C1B10C218AEA952009FFA3D /* Sources */ = {
			isa = PBXSourcesBuildPhase;
			buildActionMask = 2147483647;
			files = (
				0C3709231947532E00280B7D /* Theme.m in Sources */,
				0C1B10E018AEA952009FFA3D /* ViewController.m in Sources */,
				0C1B10DA18AEA952009FFA3D /* AppDelegate.m in Sources */,
				0C1B110018AEAC6E009FFA3D /* ToDoItem.m in Sources */,
				0CE2BE5C18B7DC5100A808E1 /* TableView.m in Sources */,
				0C1B110318AEAEF6009FFA3D /* TableViewCell.m in Sources */,
				0C3709241947532E00280B7D /* Stock.m in Sources */,
				0C3709251947532E00280B7D /* StockDetailViewController.m in Sources */,
				0C1B10D618AEA952009FFA3D /* main.m in Sources */,
			);
			runOnlyForDeploymentPostprocessing = 0;
		};
		0C1B10E318AEA952009FFA3D /* Sources */ = {
			isa = PBXSourcesBuildPhase;
			buildActionMask = 2147483647;
			files = (
				0C1B10F518AEA952009FFA3D /* ClearStyleTests.m in Sources */,
			);
			runOnlyForDeploymentPostprocessing = 0;
		};
/* End PBXSourcesBuildPhase section */

/* Begin PBXTargetDependency section */
		0C1B10ED18AEA952009FFA3D /* PBXTargetDependency */ = {
			isa = PBXTargetDependency;
			target = 0C1B10C518AEA952009FFA3D /* StockList3000 */;
			targetProxy = 0C1B10EC18AEA952009FFA3D /* PBXContainerItemProxy */;
		};
/* End PBXTargetDependency section */

/* Begin PBXVariantGroup section */
		0C1B10D218AEA952009FFA3D /* InfoPlist.strings */ = {
			isa = PBXVariantGroup;
			children = (
				0C1B10D318AEA952009FFA3D /* en */,
			);
			name = InfoPlist.strings;
			sourceTree = "<group>";
		};
		0C1B10DB18AEA952009FFA3D /* Main.storyboard */ = {
			isa = PBXVariantGroup;
			children = (
				0C1B10DC18AEA952009FFA3D /* Base */,
			);
			name = Main.storyboard;
			sourceTree = "<group>";
		};
		0C1B10F118AEA952009FFA3D /* InfoPlist.strings */ = {
			isa = PBXVariantGroup;
			children = (
				0C1B10F218AEA952009FFA3D /* en */,
			);
			name = InfoPlist.strings;
			sourceTree = "<group>";
		};
/* End PBXVariantGroup section */

/* Begin XCBuildConfiguration section */
		0C1B10F618AEA952009FFA3D /* Debug */ = {
			isa = XCBuildConfiguration;
			buildSettings = {
				ALWAYS_SEARCH_USER_PATHS = NO;
				ARCHS = "$(ARCHS_STANDARD_INCLUDING_64_BIT)";
				CLANG_CXX_LANGUAGE_STANDARD = "gnu++0x";
				CLANG_CXX_LIBRARY = "libc++";
				CLANG_ENABLE_MODULES = YES;
				CLANG_ENABLE_OBJC_ARC = YES;
				CLANG_WARN_BOOL_CONVERSION = YES;
				CLANG_WARN_CONSTANT_CONVERSION = YES;
				CLANG_WARN_DIRECT_OBJC_ISA_USAGE = YES_ERROR;
				CLANG_WARN_EMPTY_BODY = YES;
				CLANG_WARN_ENUM_CONVERSION = YES;
				CLANG_WARN_INT_CONVERSION = YES;
				CLANG_WARN_OBJC_ROOT_CLASS = YES_ERROR;
				CLANG_WARN__DUPLICATE_METHOD_MATCH = YES;
				"CODE_SIGN_IDENTITY[sdk=iphoneos*]" = "iPhone Developer";
				COPY_PHASE_STRIP = NO;
				GCC_C_LANGUAGE_STANDARD = gnu99;
				GCC_DYNAMIC_NO_PIC = NO;
				GCC_OPTIMIZATION_LEVEL = 0;
				GCC_PREPROCESSOR_DEFINITIONS = (
					"DEBUG=1",
					"$(inherited)",
				);
				GCC_SYMBOLS_PRIVATE_EXTERN = NO;
				GCC_WARN_64_TO_32_BIT_CONVERSION = YES;
				GCC_WARN_ABOUT_RETURN_TYPE = YES_ERROR;
				GCC_WARN_UNDECLARED_SELECTOR = YES;
				GCC_WARN_UNINITIALIZED_AUTOS = YES;
				GCC_WARN_UNUSED_FUNCTION = YES;
				GCC_WARN_UNUSED_VARIABLE = YES;
				IPHONEOS_DEPLOYMENT_TARGET = 7.0;
				ONLY_ACTIVE_ARCH = YES;
				SDKROOT = iphoneos;
			};
			name = Debug;
		};
		0C1B10F718AEA952009FFA3D /* Release */ = {
			isa = XCBuildConfiguration;
			buildSettings = {
				ALWAYS_SEARCH_USER_PATHS = NO;
				ARCHS = "$(ARCHS_STANDARD_INCLUDING_64_BIT)";
				CLANG_CXX_LANGUAGE_STANDARD = "gnu++0x";
				CLANG_CXX_LIBRARY = "libc++";
				CLANG_ENABLE_MODULES = YES;
				CLANG_ENABLE_OBJC_ARC = YES;
				CLANG_WARN_BOOL_CONVERSION = YES;
				CLANG_WARN_CONSTANT_CONVERSION = YES;
				CLANG_WARN_DIRECT_OBJC_ISA_USAGE = YES_ERROR;
				CLANG_WARN_EMPTY_BODY = YES;
				CLANG_WARN_ENUM_CONVERSION = YES;
				CLANG_WARN_INT_CONVERSION = YES;
				CLANG_WARN_OBJC_ROOT_CLASS = YES_ERROR;
				CLANG_WARN__DUPLICATE_METHOD_MATCH = YES;
				"CODE_SIGN_IDENTITY[sdk=iphoneos*]" = "iPhone Developer";
				COPY_PHASE_STRIP = YES;
				ENABLE_NS_ASSERTIONS = NO;
				GCC_C_LANGUAGE_STANDARD = gnu99;
				GCC_WARN_64_TO_32_BIT_CONVERSION = YES;
				GCC_WARN_ABOUT_RETURN_TYPE = YES_ERROR;
				GCC_WARN_UNDECLARED_SELECTOR = YES;
				GCC_WARN_UNINITIALIZED_AUTOS = YES;
				GCC_WARN_UNUSED_FUNCTION = YES;
				GCC_WARN_UNUSED_VARIABLE = YES;
				IPHONEOS_DEPLOYMENT_TARGET = 7.0;
				SDKROOT = iphoneos;
				VALIDATE_PRODUCT = YES;
			};
			name = Release;
		};
		0C1B10F918AEA952009FFA3D /* Debug */ = {
			isa = XCBuildConfiguration;
			buildSettings = {
				ASSETCATALOG_COMPILER_APPICON_NAME = AppIcon;
				ASSETCATALOG_COMPILER_LAUNCHIMAGE_NAME = LaunchImage;
				GCC_PRECOMPILE_PREFIX_HEADER = YES;
				GCC_PREFIX_HEADER = "ClearStyle/StockList3000-Prefix.pch";
				INFOPLIST_FILE = "ClearStyle/StockList3000-Info.plist";
				PRODUCT_NAME = StockList3000;
				WRAPPER_EXTENSION = app;
			};
			name = Debug;
		};
		0C1B10FA18AEA952009FFA3D /* Release */ = {
			isa = XCBuildConfiguration;
			buildSettings = {
				ASSETCATALOG_COMPILER_APPICON_NAME = AppIcon;
				ASSETCATALOG_COMPILER_LAUNCHIMAGE_NAME = LaunchImage;
				GCC_PRECOMPILE_PREFIX_HEADER = YES;
				GCC_PREFIX_HEADER = "ClearStyle/StockList3000-Prefix.pch";
				INFOPLIST_FILE = "ClearStyle/StockList3000-Info.plist";
				PRODUCT_NAME = StockList3000;
				WRAPPER_EXTENSION = app;
			};
			name = Release;
		};
		0C1B10FC18AEA952009FFA3D /* Debug */ = {
			isa = XCBuildConfiguration;
			buildSettings = {
				ARCHS = "$(ARCHS_STANDARD_INCLUDING_64_BIT)";
				BUNDLE_LOADER = "$(BUILT_PRODUCTS_DIR)/ClearStyle.app/ClearStyle";
				FRAMEWORK_SEARCH_PATHS = (
					"$(SDKROOT)/Developer/Library/Frameworks",
					"$(inherited)",
					"$(DEVELOPER_FRAMEWORKS_DIR)",
				);
				GCC_PRECOMPILE_PREFIX_HEADER = YES;
				GCC_PREFIX_HEADER = "ClearStyle/ClearStyle-Prefix.pch";
				GCC_PREPROCESSOR_DEFINITIONS = (
					"DEBUG=1",
					"$(inherited)",
				);
				INFOPLIST_FILE = "ClearStyleTests/StockList3000Tests-Info.plist";
				PRODUCT_NAME = StockList3000Tests;
				TEST_HOST = "$(BUNDLE_LOADER)";
				WRAPPER_EXTENSION = xctest;
			};
			name = Debug;
		};
		0C1B10FD18AEA952009FFA3D /* Release */ = {
			isa = XCBuildConfiguration;
			buildSettings = {
				ARCHS = "$(ARCHS_STANDARD_INCLUDING_64_BIT)";
				BUNDLE_LOADER = "$(BUILT_PRODUCTS_DIR)/ClearStyle.app/ClearStyle";
				FRAMEWORK_SEARCH_PATHS = (
					"$(SDKROOT)/Developer/Library/Frameworks",
					"$(inherited)",
					"$(DEVELOPER_FRAMEWORKS_DIR)",
				);
				GCC_PRECOMPILE_PREFIX_HEADER = YES;
				GCC_PREFIX_HEADER = "ClearStyle/ClearStyle-Prefix.pch";
				INFOPLIST_FILE = "ClearStyleTests/StockList3000Tests-Info.plist";
				PRODUCT_NAME = StockList3000Tests;
				TEST_HOST = "$(BUNDLE_LOADER)";
				WRAPPER_EXTENSION = xctest;
			};
			name = Release;
		};
/* End XCBuildConfiguration section */

/* Begin XCConfigurationList section */
		0C1B10C118AEA952009FFA3D /* Build configuration list for PBXProject "StockList3000" */ = {
			isa = XCConfigurationList;
			buildConfigurations = (
				0C1B10F618AEA952009FFA3D /* Debug */,
				0C1B10F718AEA952009FFA3D /* Release */,
			);
			defaultConfigurationIsVisible = 0;
			defaultConfigurationName = Release;
		};
		0C1B10F818AEA952009FFA3D /* Build configuration list for PBXNativeTarget "StockList3000" */ = {
			isa = XCConfigurationList;
			buildConfigurations = (
				0C1B10F918AEA952009FFA3D /* Debug */,
				0C1B10FA18AEA952009FFA3D /* Release */,
			);
			defaultConfigurationIsVisible = 0;
			defaultConfigurationName = Release;
		};
		0C1B10FB18AEA952009FFA3D /* Build configuration list for PBXNativeTarget "StockList3000Tests" */ = {
			isa = XCConfigurationList;
			buildConfigurations = (
				0C1B10FC18AEA952009FFA3D /* Debug */,
				0C1B10FD18AEA952009FFA3D /* Release */,
			);
			defaultConfigurationIsVisible = 0;
			defaultConfigurationName = Release;
		};
/* End XCConfigurationList section */
	};
	rootObject = 0C1B10BE18AEA952009FFA3D /* Project object */;
}
